
Microsoft Visual Studio Solution File, Format Version 12.00
# Visual Studio 15
VisualStudioVersion = 15.0.27703.2000
MinimumVisualStudioVersion = 10.0.40219.1
Project("{FAE04EC0-301F-11D3-BF4B-00C04F79EFBC}") = "Yeelight.Client", "Yeelight.Client\Yeelight.Client.csproj", "{198233CD-0148-4572-BF8B-4B103C6B2930}"
EndProject
Global
	GlobalSection(SolutionConfigurationPlatforms) = preSolution
		Debug|Any CPU = Debug|Any CPU
		Release|Any CPU = Release|Any CPU
	EndGlobalSection
	GlobalSection(ProjectConfigurationPlatforms) = postSolution
		{198233CD-0148-4572-BF8B-4B103C6B2930}.Debug|Any CPU.ActiveCfg = Debug|Any CPU
		{198233CD-0148-4572-BF8B-4B103C6B2930}.Debug|Any CPU.Build.0 = Debug|Any CPU
		{198233CD-0148-4572-BF8B-4B103C6B2930}.Release|Any CPU.ActiveCfg = Release|Any CPU
		{198233CD-0148-4572-BF8B-4B103C6B2930}.Release|Any CPU.Build.0 = Release|Any CPU
	EndGlobalSection
	GlobalSection(SolutionProperties) = preSolution
		HideSolutionNode = FALSE
	EndGlobalSection
	GlobalSection(ExtensibilityGlobals) = postSolution
		SolutionGuid = {E9EEB4B9-31E1-4AE8-847C-7521B41F9144}
	EndGlobalSection
EndGlobal
